// !$*UTF8*$!
{
	archiveVersion = 1;
	classes = {
	};
	objectVersion = 55;
	objects = {

/* Begin PBXBuildFile section */
		474CDDB328C7B17700B9F842 /* AppDelegate.swift in Sources */ = {isa = PBXBuildFile; fileRef = 474CDDB228C7B17700B9F842 /* AppDelegate.swift */; };
		474CDDB528C7B17700B9F842 /* SceneDelegate.swift in Sources */ = {isa = PBXBuildFile; fileRef = 474CDDB428C7B17700B9F842 /* SceneDelegate.swift */; };
		474CDDB728C7B17700B9F842 /* ViewController.swift in Sources */ = {isa = PBXBuildFile; fileRef = 474CDDB628C7B17700B9F842 /* ViewController.swift */; };
		474CDDBA28C7B17700B9F842 /* Main.storyboard in Resources */ = {isa = PBXBuildFile; fileRef = 474CDDB828C7B17700B9F842 /* Main.storyboard */; };
		474CDDBD28C7B17700B9F842 /* CeibaTest.xcdatamodeld in Sources */ = {isa = PBXBuildFile; fileRef = 474CDDBB28C7B17700B9F842 /* CeibaTest.xcdatamodeld */; };
		474CDDBF28C7B17900B9F842 /* Assets.xcassets in Resources */ = {isa = PBXBuildFile; fileRef = 474CDDBE28C7B17900B9F842 /* Assets.xcassets */; };
		474CDDC228C7B17900B9F842 /* LaunchScreen.storyboard in Resources */ = {isa = PBXBuildFile; fileRef = 474CDDC028C7B17900B9F842 /* LaunchScreen.storyboard */; };
		474CDDCD28C7B17A00B9F842 /* CeibaTestTests.swift in Sources */ = {isa = PBXBuildFile; fileRef = 474CDDCC28C7B17A00B9F842 /* CeibaTestTests.swift */; };
		474CDDD728C7B17A00B9F842 /* CeibaTestUITests.swift in Sources */ = {isa = PBXBuildFile; fileRef = 474CDDD628C7B17A00B9F842 /* CeibaTestUITests.swift */; };
		474CDDD928C7B17A00B9F842 /* CeibaTestUITestsLaunchTests.swift in Sources */ = {isa = PBXBuildFile; fileRef = 474CDDD828C7B17A00B9F842 /* CeibaTestUITestsLaunchTests.swift */; };
/* End PBXBuildFile section */

/* Begin PBXContainerItemProxy section */
		474CDDC928C7B17A00B9F842 /* PBXContainerItemProxy */ = {
			isa = PBXContainerItemProxy;
			containerPortal = 474CDDA728C7B17700B9F842 /* Project object */;
			proxyType = 1;
			remoteGlobalIDString = 474CDDAE28C7B17700B9F842;
			remoteInfo = CeibaTest;
		};
		474CDDD328C7B17A00B9F842 /* PBXContainerItemProxy */ = {
			isa = PBXContainerItemProxy;
			containerPortal = 474CDDA728C7B17700B9F842 /* Project object */;
			proxyType = 1;
			remoteGlobalIDString = 474CDDAE28C7B17700B9F842;
			remoteInfo = CeibaTest;
		};
/* End PBXContainerItemProxy section */

/* Begin PBXFileReference section */
		474CDDAF28C7B17700B9F842 /* CeibaTest.app */ = {isa = PBXFileReference; explicitFileType = wrapper.application; includeInIndex = 0; path = CeibaTest.app; sourceTree = BUILT_PRODUCTS_DIR; };
		474CDDB228C7B17700B9F842 /* AppDelegate.swift */ = {isa = PBXFileReference; lastKnownFileType = sourcecode.swift; path = AppDelegate.swift; sourceTree = "<group>"; };
		474CDDB428C7B17700B9F842 /* SceneDelegate.swift */ = {isa = PBXFileReference; lastKnownFileType = sourcecode.swift; path = SceneDelegate.swift; sourceTree = "<group>"; };
		474CDDB628C7B17700B9F842 /* ViewController.swift */ = {isa = PBXFileReference; lastKnownFileType = sourcecode.swift; path = ViewController.swift; sourceTree = "<group>"; };
		474CDDB928C7B17700B9F842 /* Base */ = {isa = PBXFileReference; lastKnownFileType = file.storyboard; name = Base; path = Base.lproj/Main.storyboard; sourceTree = "<group>"; };
		474CDDBC28C7B17700B9F842 /* CeibaTest.xcdatamodel */ = {isa = PBXFileReference; lastKnownFileType = wrapper.xcdatamodel; path = CeibaTest.xcdatamodel; sourceTree = "<group>"; };
		474CDDBE28C7B17900B9F842 /* Assets.xcassets */ = {isa = PBXFileReference; lastKnownFileType = folder.assetcatalog; path = Assets.xcassets; sourceTree = "<group>"; };
		474CDDC128C7B17900B9F842 /* Base */ = {isa = PBXFileReference; lastKnownFileType = file.storyboard; name = Base; path = Base.lproj/LaunchScreen.storyboard; sourceTree = "<group>"; };
		474CDDC328C7B17900B9F842 /* Info.plist */ = {isa = PBXFileReference; lastKnownFileType = text.plist.xml; path = Info.plist; sourceTree = "<group>"; };
		474CDDC828C7B17A00B9F842 /* CeibaTestTests.xctest */ = {isa = PBXFileReference; explicitFileType = wrapper.cfbundle; includeInIndex = 0; path = CeibaTestTests.xctest; sourceTree = BUILT_PRODUCTS_DIR; };
		474CDDCC28C7B17A00B9F842 /* CeibaTestTests.swift */ = {isa = PBXFileReference; lastKnownFileType = sourcecode.swift; path = CeibaTestTests.swift; sourceTree = "<group>"; };
		474CDDD228C7B17A00B9F842 /* CeibaTestUITests.xctest */ = {isa = PBXFileReference; explicitFileType = wrapper.cfbundle; includeInIndex = 0; path = CeibaTestUITests.xctest; sourceTree = BUILT_PRODUCTS_DIR; };
		474CDDD628C7B17A00B9F842 /* CeibaTestUITests.swift */ = {isa = PBXFileReference; lastKnownFileType = sourcecode.swift; path = CeibaTestUITests.swift; sourceTree = "<group>"; };
		474CDDD828C7B17A00B9F842 /* CeibaTestUITestsLaunchTests.swift */ = {isa = PBXFileReference; lastKnownFileType = sourcecode.swift; path = CeibaTestUITestsLaunchTests.swift; sourceTree = "<group>"; };
/* End PBXFileReference section */

/* Begin PBXFrameworksBuildPhase section */
		474CDDAC28C7B17700B9F842 /* Frameworks */ = {
			isa = PBXFrameworksBuildPhase;
			buildActionMask = 2147483647;
			files = (
			);
			runOnlyForDeploymentPostprocessing = 0;
		};
		474CDDC528C7B17A00B9F842 /* Frameworks */ = {
			isa = PBXFrameworksBuildPhase;
			buildActionMask = 2147483647;
			files = (
			);
			runOnlyForDeploymentPostprocessing = 0;
		};
		474CDDCF28C7B17A00B9F842 /* Frameworks */ = {
			isa = PBXFrameworksBuildPhase;
			buildActionMask = 2147483647;
			files = (
			);
			runOnlyForDeploymentPostprocessing = 0;
		};
/* End PBXFrameworksBuildPhase section */

/* Begin PBXGroup section */
		474CDDA628C7B17700B9F842 = {
			isa = PBXGroup;
			children = (
				474CDDB128C7B17700B9F842 /* CeibaTest */,
				474CDDCB28C7B17A00B9F842 /* CeibaTestTests */,
				474CDDD528C7B17A00B9F842 /* CeibaTestUITests */,
				474CDDB028C7B17700B9F842 /* Products */,
			);
			sourceTree = "<group>";
		};
		474CDDB028C7B17700B9F842 /* Products */ = {
			isa = PBXGroup;
			children = (
				474CDDAF28C7B17700B9F842 /* CeibaTest.app */,
				474CDDC828C7B17A00B9F842 /* CeibaTestTests.xctest */,
				474CDDD228C7B17A00B9F842 /* CeibaTestUITests.xctest */,
			);
			name = Products;
			sourceTree = "<group>";
		};
		474CDDB128C7B17700B9F842 /* CeibaTest */ = {
			isa = PBXGroup;
			children = (
				474CDDB228C7B17700B9F842 /* AppDelegate.swift */,
				474CDDB428C7B17700B9F842 /* SceneDelegate.swift */,
				474CDDB628C7B17700B9F842 /* ViewController.swift */,
				474CDDB828C7B17700B9F842 /* Main.storyboard */,
				474CDDBE28C7B17900B9F842 /* Assets.xcassets */,
				474CDDC028C7B17900B9F842 /* LaunchScreen.storyboard */,
				474CDDC328C7B17900B9F842 /* Info.plist */,
				474CDDBB28C7B17700B9F842 /* CeibaTest.xcdatamodeld */,
			);
			path = CeibaTest;
			sourceTree = "<group>";
		};
		474CDDCB28C7B17A00B9F842 /* CeibaTestTests */ = {
			isa = PBXGroup;
			children = (
				474CDDCC28C7B17A00B9F842 /* CeibaTestTests.swift */,
			);
			path = CeibaTestTests;
			sourceTree = "<group>";
		};
		474CDDD528C7B17A00B9F842 /* CeibaTestUITests */ = {
			isa = PBXGroup;
			children = (
				474CDDD628C7B17A00B9F842 /* CeibaTestUITests.swift */,
				474CDDD828C7B17A00B9F842 /* CeibaTestUITestsLaunchTests.swift */,
			);
			path = CeibaTestUITests;
			sourceTree = "<group>";
		};
/* End PBXGroup section */

/* Begin PBXNativeTarget section */
		474CDDAE28C7B17700B9F842 /* CeibaTest */ = {
			isa = PBXNativeTarget;
			buildConfigurationList = 474CDDDC28C7B17A00B9F842 /* Build configuration list for PBXNativeTarget "CeibaTest" */;
			buildPhases = (
				474CDDAB28C7B17700B9F842 /* Sources */,
				474CDDAC28C7B17700B9F842 /* Frameworks */,
				474CDDAD28C7B17700B9F842 /* Resources */,
			);
			buildRules = (
			);
			dependencies = (
			);
			name = CeibaTest;
			productName = CeibaTest;
			productReference = 474CDDAF28C7B17700B9F842 /* CeibaTest.app */;
			productType = "com.apple.product-type.application";
		};
		474CDDC728C7B17A00B9F842 /* CeibaTestTests */ = {
			isa = PBXNativeTarget;
			buildConfigurationList = 474CDDDF28C7B17A00B9F842 /* Build configuration list for PBXNativeTarget "CeibaTestTests" */;
			buildPhases = (
				474CDDC428C7B17A00B9F842 /* Sources */,
				474CDDC528C7B17A00B9F842 /* Frameworks */,
				474CDDC628C7B17A00B9F842 /* Resources */,
			);
			buildRules = (
			);
			dependencies = (
				474CDDCA28C7B17A00B9F842 /* PBXTargetDependency */,
			);
			name = CeibaTestTests;
			productName = CeibaTestTests;
			productReference = 474CDDC828C7B17A00B9F842 /* CeibaTestTests.xctest */;
			productType = "com.apple.product-type.bundle.unit-test";
		};
		474CDDD128C7B17A00B9F842 /* CeibaTestUITests */ = {
			isa = PBXNativeTarget;
			buildConfigurationList = 474CDDE228C7B17A00B9F842 /* Build configuration list for PBXNativeTarget "CeibaTestUITests" */;
			buildPhases = (
				474CDDCE28C7B17A00B9F842 /* Sources */,
				474CDDCF28C7B17A00B9F842 /* Frameworks */,
				474CDDD028C7B17A00B9F842 /* Resources */,
			);
			buildRules = (
			);
			dependencies = (
				474CDDD428C7B17A00B9F842 /* PBXTargetDependency */,
			);
			name = CeibaTestUITests;
			productName = CeibaTestUITests;
			productReference = 474CDDD228C7B17A00B9F842 /* CeibaTestUITests.xctest */;
			productType = "com.apple.product-type.bundle.ui-testing";
		};
/* End PBXNativeTarget section */

/* Begin PBXProject section */
		474CDDA728C7B17700B9F842 /* Project object */ = {
			isa = PBXProject;
			attributes = {
				BuildIndependentTargetsInParallel = 1;
				LastSwiftUpdateCheck = 1340;
				LastUpgradeCheck = 1340;
				TargetAttributes = {
					474CDDAE28C7B17700B9F842 = {
						CreatedOnToolsVersion = 13.4.1;
					};
					474CDDC728C7B17A00B9F842 = {
						CreatedOnToolsVersion = 13.4.1;
						TestTargetID = 474CDDAE28C7B17700B9F842;
					};
					474CDDD128C7B17A00B9F842 = {
						CreatedOnToolsVersion = 13.4.1;
						TestTargetID = 474CDDAE28C7B17700B9F842;
					};
				};
			};
			buildConfigurationList = 474CDDAA28C7B17700B9F842 /* Build configuration list for PBXProject "CeibaTest" */;
			compatibilityVersion = "Xcode 13.0";
			developmentRegion = en;
			hasScannedForEncodings = 0;
			knownRegions = (
				en,
				Base,
			);
			mainGroup = 474CDDA628C7B17700B9F842;
			productRefGroup = 474CDDB028C7B17700B9F842 /* Products */;
			projectDirPath = "";
			projectRoot = "";
			targets = (
				474CDDAE28C7B17700B9F842 /* CeibaTest */,
				474CDDC728C7B17A00B9F842 /* CeibaTestTests */,
				474CDDD128C7B17A00B9F842 /* CeibaTestUITests */,
			);
		};
/* End PBXProject section */

/* Begin PBXResourcesBuildPhase section */
		474CDDAD28C7B17700B9F842 /* Resources */ = {
			isa = PBXResourcesBuildPhase;
			buildActionMask = 2147483647;
			files = (
				474CDDC228C7B17900B9F842 /* LaunchScreen.storyboard in Resources */,
				474CDDBF28C7B17900B9F842 /* Assets.xcassets in Resources */,
				474CDDBA28C7B17700B9F842 /* Main.storyboard in Resources */,
			);
			runOnlyForDeploymentPostprocessing = 0;
		};
		474CDDC628C7B17A00B9F842 /* Resources */ = {
			isa = PBXResourcesBuildPhase;
			buildActionMask = 2147483647;
			files = (
			);
			runOnlyForDeploymentPostprocessing = 0;
		};
		474CDDD028C7B17A00B9F842 /* Resources */ = {
			isa = PBXResourcesBuildPhase;
			buildActionMask = 2147483647;
			files = (
			);
			runOnlyForDeploymentPostprocessing = 0;
		};
/* End PBXResourcesBuildPhase section */

/* Begin PBXSourcesBuildPhase section */
		474CDDAB28C7B17700B9F842 /* Sources */ = {
			isa = PBXSourcesBuildPhase;
			buildActionMask = 2147483647;
			files = (
				474CDDB728C7B17700B9F842 /* ViewController.swift in Sources */,
				474CDDB328C7B17700B9F842 /* AppDelegate.swift in Sources */,
				474CDDBD28C7B17700B9F842 /* CeibaTest.xcdatamodeld in Sources */,
				474CDDB528C7B17700B9F842 /* SceneDelegate.swift in Sources */,
			);
			runOnlyForDeploymentPostprocessing = 0;
		};
		474CDDC428C7B17A00B9F842 /* Sources */ = {
			isa = PBXSourcesBuildPhase;
			buildActionMask = 2147483647;
			files = (
				474CDDCD28C7B17A00B9F842 /* CeibaTestTests.swift in Sources */,
			);
			runOnlyForDeploymentPostprocessing = 0;
		};
		474CDDCE28C7B17A00B9F842 /* Sources */ = {
			isa = PBXSourcesBuildPhase;
			buildActionMask = 2147483647;
			files = (
				474CDDD728C7B17A00B9F842 /* CeibaTestUITests.swift in Sources */,
				474CDDD928C7B17A00B9F842 /* CeibaTestUITestsLaunchTests.swift in Sources */,
			);
			runOnlyForDeploymentPostprocessing = 0;
		};
/* End PBXSourcesBuildPhase section */

/* Begin PBXTargetDependency section */
		474CDDCA28C7B17A00B9F842 /* PBXTargetDependency */ = {
			isa = PBXTargetDependency;
			target = 474CDDAE28C7B17700B9F842 /* CeibaTest */;
			targetProxy = 474CDDC928C7B17A00B9F842 /* PBXContainerItemProxy */;
		};
		474CDDD428C7B17A00B9F842 /* PBXTargetDependency */ = {
			isa = PBXTargetDependency;
			target = 474CDDAE28C7B17700B9F842 /* CeibaTest */;
			targetProxy = 474CDDD328C7B17A00B9F842 /* PBXContainerItemProxy */;
		};
/* End PBXTargetDependency section */

/* Begin PBXVariantGroup section */
		474CDDB828C7B17700B9F842 /* Main.storyboard */ = {
			isa = PBXVariantGroup;
			children = (
				474CDDB928C7B17700B9F842 /* Base */,
			);
			name = Main.storyboard;
			sourceTree = "<group>";
		};
		474CDDC028C7B17900B9F842 /* LaunchScreen.storyboard */ = {
			isa = PBXVariantGroup;
			children = (
				474CDDC128C7B17900B9F842 /* Base */,
			);
			name = LaunchScreen.storyboard;
			sourceTree = "<group>";
		};
/* End PBXVariantGroup section */

/* Begin XCBuildConfiguration section */
		474CDDDA28C7B17A00B9F842 /* Debug */ = {
			isa = XCBuildConfiguration;
			buildSettings = {
				ALWAYS_SEARCH_USER_PATHS = NO;
				CLANG_ANALYZER_NONNULL = YES;
				CLANG_ANALYZER_NUMBER_OBJECT_CONVERSION = YES_AGGRESSIVE;
				CLANG_CXX_LANGUAGE_STANDARD = "gnu++17";
				CLANG_ENABLE_MODULES = YES;
				CLANG_ENABLE_OBJC_ARC = YES;
				CLANG_ENABLE_OBJC_WEAK = YES;
				CLANG_WARN_BLOCK_CAPTURE_AUTORELEASING = YES;
				CLANG_WARN_BOOL_CONVERSION = YES;
				CLANG_WARN_COMMA = YES;
				CLANG_WARN_CONSTANT_CONVERSION = YES;
				CLANG_WARN_DEPRECATED_OBJC_IMPLEMENTATIONS = YES;
				CLANG_WARN_DIRECT_OBJC_ISA_USAGE = YES_ERROR;
				CLANG_WARN_DOCUMENTATION_COMMENTS = YES;
				CLANG_WARN_EMPTY_BODY = YES;
				CLANG_WARN_ENUM_CONVERSION = YES;
				CLANG_WARN_INFINITE_RECURSION = YES;
				CLANG_WARN_INT_CONVERSION = YES;
				CLANG_WARN_NON_LITERAL_NULL_CONVERSION = YES;
				CLANG_WARN_OBJC_IMPLICIT_RETAIN_SELF = YES;
				CLANG_WARN_OBJC_LITERAL_CONVERSION = YES;
				CLANG_WARN_OBJC_ROOT_CLASS = YES_ERROR;
				CLANG_WARN_QUOTED_INCLUDE_IN_FRAMEWORK_HEADER = YES;
				CLANG_WARN_RANGE_LOOP_ANALYSIS = YES;
				CLANG_WARN_STRICT_PROTOTYPES = YES;
				CLANG_WARN_SUSPICIOUS_MOVE = YES;
				CLANG_WARN_UNGUARDED_AVAILABILITY = YES_AGGRESSIVE;
				CLANG_WARN_UNREACHABLE_CODE = YES;
				CLANG_WARN__DUPLICATE_METHOD_MATCH = YES;
				COPY_PHASE_STRIP = NO;
				DEBUG_INFORMATION_FORMAT = dwarf;
				ENABLE_STRICT_OBJC_MSGSEND = YES;
				ENABLE_TESTABILITY = YES;
				GCC_C_LANGUAGE_STANDARD = gnu11;
				GCC_DYNAMIC_NO_PIC = NO;
				GCC_NO_COMMON_BLOCKS = YES;
				GCC_OPTIMIZATION_LEVEL = 0;
				GCC_PREPROCESSOR_DEFINITIONS = (
					"DEBUG=1",
					"$(inherited)",
				);
				GCC_WARN_64_TO_32_BIT_CONVERSION = YES;
				GCC_WARN_ABOUT_RETURN_TYPE = YES_ERROR;
				GCC_WARN_UNDECLARED_SELECTOR = YES;
				GCC_WARN_UNINITIALIZED_AUTOS = YES_AGGRESSIVE;
				GCC_WARN_UNUSED_FUNCTION = YES;
				GCC_WARN_UNUSED_VARIABLE = YES;
				IPHONEOS_DEPLOYMENT_TARGET = 15.5;
				MTL_ENABLE_DEBUG_INFO = INCLUDE_SOURCE;
				MTL_FAST_MATH = YES;
				ONLY_ACTIVE_ARCH = YES;
				SDKROOT = iphoneos;
				SWIFT_ACTIVE_COMPILATION_CONDITIONS = DEBUG;
				SWIFT_OPTIMIZATION_LEVEL = "-Onone";
			};
			name = Debug;
		};
		474CDDDB28C7B17A00B9F842 /* Release */ = {
			isa = XCBuildConfiguration;
			buildSettings = {
				ALWAYS_SEARCH_USER_PATHS = NO;
				CLANG_ANALYZER_NONNULL = YES;
				CLANG_ANALYZER_NUMBER_OBJECT_CONVERSION = YES_AGGRESSIVE;
				CLANG_CXX_LANGUAGE_STANDARD = "gnu++17";
				CLANG_ENABLE_MODULES = YES;
				CLANG_ENABLE_OBJC_ARC = YES;
				CLANG_ENABLE_OBJC_WEAK = YES;
				CLANG_WARN_BLOCK_CAPTURE_AUTORELEASING = YES;
				CLANG_WARN_BOOL_CONVERSION = YES;
				CLANG_WARN_COMMA = YES;
				CLANG_WARN_CONSTANT_CONVERSION = YES;
				CLANG_WARN_DEPRECATED_OBJC_IMPLEMENTATIONS = YES;
				CLANG_WARN_DIRECT_OBJC_ISA_USAGE = YES_ERROR;
				CLANG_WARN_DOCUMENTATION_COMMENTS = YES;
				CLANG_WARN_EMPTY_BODY = YES;
				CLANG_WARN_ENUM_CONVERSION = YES;
				CLANG_WARN_INFINITE_RECURSION = YES;
				CLANG_WARN_INT_CONVERSION = YES;
				CLANG_WARN_NON_LITERAL_NULL_CONVERSION = YES;
				CLANG_WARN_OBJC_IMPLICIT_RETAIN_SELF = YES;
				CLANG_WARN_OBJC_LITERAL_CONVERSION = YES;
				CLANG_WARN_OBJC_ROOT_CLASS = YES_ERROR;
				CLANG_WARN_QUOTED_INCLUDE_IN_FRAMEWORK_HEADER = YES;
				CLANG_WARN_RANGE_LOOP_ANALYSIS = YES;
				CLANG_WARN_STRICT_PROTOTYPES = YES;
				CLANG_WARN_SUSPICIOUS_MOVE = YES;
				CLANG_WARN_UNGUARDED_AVAILABILITY = YES_AGGRESSIVE;
				CLANG_WARN_UNREACHABLE_CODE = YES;
				CLANG_WARN__DUPLICATE_METHOD_MATCH = YES;
				COPY_PHASE_STRIP = NO;
				DEBUG_INFORMATION_FORMAT = "dwarf-with-dsym";
				ENABLE_NS_ASSERTIONS = NO;
				ENABLE_STRICT_OBJC_MSGSEND = YES;
				GCC_C_LANGUAGE_STANDARD = gnu11;
				GCC_NO_COMMON_BLOCKS = YES;
				GCC_WARN_64_TO_32_BIT_CONVERSION = YES;
				GCC_WARN_ABOUT_RETURN_TYPE = YES_ERROR;
				GCC_WARN_UNDECLARED_SELECTOR = YES;
				GCC_WARN_UNINITIALIZED_AUTOS = YES_AGGRESSIVE;
				GCC_WARN_UNUSED_FUNCTION = YES;
				GCC_WARN_UNUSED_VARIABLE = YES;
				IPHONEOS_DEPLOYMENT_TARGET = 15.5;
				MTL_ENABLE_DEBUG_INFO = NO;
				MTL_FAST_MATH = YES;
				SDKROOT = iphoneos;
				SWIFT_COMPILATION_MODE = wholemodule;
				SWIFT_OPTIMIZATION_LEVEL = "-O";
				VALIDATE_PRODUCT = YES;
			};
			name = Release;
		};
		474CDDDD28C7B17A00B9F842 /* Debug */ = {
			isa = XCBuildConfiguration;
			buildSettings = {
				ASSETCATALOG_COMPILER_APPICON_NAME = AppIcon;
				ASSETCATALOG_COMPILER_GLOBAL_ACCENT_COLOR_NAME = AccentColor;
				CODE_SIGN_STYLE = Automatic;
				CURRENT_PROJECT_VERSION = 1;
				DEVELOPMENT_TEAM = 78AHQ4893X;
				GENERATE_INFOPLIST_FILE = YES;
				INFOPLIST_FILE = CeibaTest/Info.plist;
				INFOPLIST_KEY_UIApplicationSupportsIndirectInputEvents = YES;
				INFOPLIST_KEY_UILaunchStoryboardName = LaunchScreen;
				INFOPLIST_KEY_UIMainStoryboardFile = Main;
				INFOPLIST_KEY_UISupportedInterfaceOrientations_iPad = "UIInterfaceOrientationPortrait UIInterfaceOrientationPortraitUpsideDown UIInterfaceOrientationLandscapeLeft UIInterfaceOrientationLandscapeRight";
				INFOPLIST_KEY_UISupportedInterfaceOrientations_iPhone = "UIInterfaceOrientationPortrait UIInterfaceOrientationLandscapeLeft UIInterfaceOrientationLandscapeRight";
				IPHONEOS_DEPLOYMENT_TARGET = 13.6;
				LD_RUNPATH_SEARCH_PATHS = (
					"$(inherited)",
					"@executable_path/Frameworks",
				);
				MARKETING_VERSION = 1.0;
				PRODUCT_BUNDLE_IDENTIFIER = com.jmonsalve.CeibaTest;
				PRODUCT_NAME = "$(TARGET_NAME)";
				SWIFT_EMIT_LOC_STRINGS = YES;
				SWIFT_VERSION = 5.0;
				TARGETED_DEVICE_FAMILY = 1;
			};
			name = Debug;
		};
		474CDDDE28C7B17A00B9F842 /* Release */ = {
			isa = XCBuildConfiguration;
			buildSettings = {
				ASSETCATALOG_COMPILER_APPICON_NAME = AppIcon;
				ASSETCATALOG_COMPILER_GLOBAL_ACCENT_COLOR_NAME = AccentColor;
				CODE_SIGN_STYLE = Automatic;
				CURRENT_PROJECT_VERSION = 1;
				DEVELOPMENT_TEAM = 78AHQ4893X;
				GENERATE_INFOPLIST_FILE = YES;
				INFOPLIST_FILE = CeibaTest/Info.plist;
				INFOPLIST_KEY_UIApplicationSupportsIndirectInputEvents = YES;
				INFOPLIST_KEY_UILaunchStoryboardName = LaunchScreen;
				INFOPLIST_KEY_UIMainStoryboardFile = Main;
				INFOPLIST_KEY_UISupportedInterfaceOrientations_iPad = "UIInterfaceOrientationPortrait UIInterfaceOrientationPortraitUpsideDown UIInterfaceOrientationLandscapeLeft UIInterfaceOrientationLandscapeRight";
				INFOPLIST_KEY_UISupportedInterfaceOrientations_iPhone = "UIInterfaceOrientationPortrait UIInterfaceOrientationLandscapeLeft UIInterfaceOrientationLandscapeRight";
				IPHONEOS_DEPLOYMENT_TARGET = 13.6;
				LD_RUNPATH_SEARCH_PATHS = (
					"$(inherited)",
					"@executable_path/Frameworks",
				);
				MARKETING_VERSION = 1.0;
				PRODUCT_BUNDLE_IDENTIFIER = com.jmonsalve.CeibaTest;
				PRODUCT_NAME = "$(TARGET_NAME)";
				SWIFT_EMIT_LOC_STRINGS = YES;
				SWIFT_VERSION = 5.0;
				TARGETED_DEVICE_FAMILY = 1;
			};
			name = Release;
		};
		474CDDE028C7B17A00B9F842 /* Debug */ = {
			isa = XCBuildConfiguration;
			buildSettings = {
				ALWAYS_EMBED_SWIFT_STANDARD_LIBRARIES = YES;
				BUNDLE_LOADER = "$(TEST_HOST)";
				CODE_SIGN_STYLE = Automatic;
				CURRENT_PROJECT_VERSION = 1;
				DEVELOPMENT_TEAM = 78AHQ4893X;
				GENERATE_INFOPLIST_FILE = YES;
				IPHONEOS_DEPLOYMENT_TARGET = 15.5;
				MARKETING_VERSION = 1.0;
				PRODUCT_BUNDLE_IDENTIFIER = com.jmonsalve.CeibaTestTests;
				PRODUCT_NAME = "$(TARGET_NAME)";
				SWIFT_EMIT_LOC_STRINGS = NO;
				SWIFT_VERSION = 5.0;
				TARGETED_DEVICE_FAMILY = "1,2";
				TEST_HOST = "$(BUILT_PRODUCTS_DIR)/CeibaTest.app/CeibaTest";
			};
			name = Debug;
		};
		474CDDE128C7B17A00B9F842 /* Release */ = {
			isa = XCBuildConfiguration;
			buildSettings = {
				ALWAYS_EMBED_SWIFT_STANDARD_LIBRARIES = YES;
				BUNDLE_LOADER = "$(TEST_HOST)";
				CODE_SIGN_STYLE = Automatic;
				CURRENT_PROJECT_VERSION = 1;
				DEVELOPMENT_TEAM = 78AHQ4893X;
				GENERATE_INFOPLIST_FILE = YES;
				IPHONEOS_DEPLOYMENT_TARGET = 15.5;
				MARKETING_VERSION = 1.0;
				PRODUCT_BUNDLE_IDENTIFIER = com.jmonsalve.CeibaTestTests;
				PRODUCT_NAME = "$(TARGET_NAME)";
				SWIFT_EMIT_LOC_STRINGS = NO;
				SWIFT_VERSION = 5.0;
				TARGETED_DEVICE_FAMILY = "1,2";
				TEST_HOST = "$(BUILT_PRODUCTS_DIR)/CeibaTest.app/CeibaTest";
			};
			name = Release;
		};
		474CDDE328C7B17A00B9F842 /* Debug */ = {
			isa = XCBuildConfiguration;
			buildSettings = {
				ALWAYS_EMBED_SWIFT_STANDARD_LIBRARIES = YES;
				CODE_SIGN_STYLE = Automatic;
				CURRENT_PROJECT_VERSION = 1;
				DEVELOPMENT_TEAM = 78AHQ4893X;
				GENERATE_INFOPLIST_FILE = YES;
				MARKETING_VERSION = 1.0;
				PRODUCT_BUNDLE_IDENTIFIER = com.jmonsalve.CeibaTestUITests;
				PRODUCT_NAME = "$(TARGET_NAME)";
				SWIFT_EMIT_LOC_STRINGS = NO;
				SWIFT_VERSION = 5.0;
				TARGETED_DEVICE_FAMILY = "1,2";
				TEST_TARGET_NAME = CeibaTest;
			};
			name = Debug;
		};
		474CDDE428C7B17A00B9F842 /* Release */ = {
			isa = XCBuildConfiguration;
			buildSettings = {
				ALWAYS_EMBED_SWIFT_STANDARD_LIBRARIES = YES;
				CODE_SIGN_STYLE = Automatic;
				CURRENT_PROJECT_VERSION = 1;
				DEVELOPMENT_TEAM = 78AHQ4893X;
				GENERATE_INFOPLIST_FILE = YES;
				MARKETING_VERSION = 1.0;
				PRODUCT_BUNDLE_IDENTIFIER = com.jmonsalve.CeibaTestUITests;
				PRODUCT_NAME = "$(TARGET_NAME)";
				SWIFT_EMIT_LOC_STRINGS = NO;
				SWIFT_VERSION = 5.0;
				TARGETED_DEVICE_FAMILY = "1,2";
				TEST_TARGET_NAME = CeibaTest;
			};
			name = Release;
		};
/* End XCBuildConfiguration section */

/* Begin XCConfigurationList section */
		474CDDAA28C7B17700B9F842 /* Build configuration list for PBXProject "CeibaTest" */ = {
			isa = XCConfigurationList;
			buildConfigurations = (
				474CDDDA28C7B17A00B9F842 /* Debug */,
				474CDDDB28C7B17A00B9F842 /* Release */,
			);
			defaultConfigurationIsVisible = 0;
			defaultConfigurationName = Release;
		};
		474CDDDC28C7B17A00B9F842 /* Build configuration list for PBXNativeTarget "CeibaTest" */ = {
			isa = XCConfigurationList;
			buildConfigurations = (
				474CDDDD28C7B17A00B9F842 /* Debug */,
				474CDDDE28C7B17A00B9F842 /* Release */,
			);
			defaultConfigurationIsVisible = 0;
			defaultConfigurationName = Release;
		};
		474CDDDF28C7B17A00B9F842 /* Build configuration list for PBXNativeTarget "CeibaTestTests" */ = {
			isa = XCConfigurationList;
			buildConfigurations = (
				474CDDE028C7B17A00B9F842 /* Debug */,
				474CDDE128C7B17A00B9F842 /* Release */,
			);
			defaultConfigurationIsVisible = 0;
			defaultConfigurationName = Release;
		};
		474CDDE228C7B17A00B9F842 /* Build configuration list for PBXNativeTarget "CeibaTestUITests" */ = {
			isa = XCConfigurationList;
			buildConfigurations = (
				474CDDE328C7B17A00B9F842 /* Debug */,
				474CDDE428C7B17A00B9F842 /* Release */,
			);
			defaultConfigurationIsVisible = 0;
			defaultConfigurationName = Release;
		};
/* End XCConfigurationList section */

/* Begin XCVersionGroup section */
		474CDDBB28C7B17700B9F842 /* CeibaTest.xcdatamodeld */ = {
			isa = XCVersionGroup;
			children = (
				474CDDBC28C7B17700B9F842 /* CeibaTest.xcdatamodel */,
			);
			currentVersion = 474CDDBC28C7B17700B9F842 /* CeibaTest.xcdatamodel */;
			path = CeibaTest.xcdatamodeld;
			sourceTree = "<group>";
			versionGroupType = wrapper.xcdatamodel;
		};
/* End XCVersionGroup section */
	};
	rootObject = 474CDDA728C7B17700B9F842 /* Project object */;
}
