// !$*UTF8*$!
{
	archiveVersion = 1;
	classes = {
	};
	objectVersion = 55;
	objects = {

/* Begin PBXBuildFile section */
		470B6E5328CA4E9E00D449BC /* UIActivityIndicator.swift in Sources */ = {isa = PBXBuildFile; fileRef = 470B6E5228CA4E9E00D449BC /* UIActivityIndicator.swift */; };
		471B7CC828C9924000476A90 /* CoreDataManager.swift in Sources */ = {isa = PBXBuildFile; fileRef = 471B7CC728C9924000476A90 /* CoreDataManager.swift */; };
		474CDDB328C7B17700B9F842 /* AppDelegate.swift in Sources */ = {isa = PBXBuildFile; fileRef = 474CDDB228C7B17700B9F842 /* AppDelegate.swift */; };
		474CDDB528C7B17700B9F842 /* SceneDelegate.swift in Sources */ = {isa = PBXBuildFile; fileRef = 474CDDB428C7B17700B9F842 /* SceneDelegate.swift */; };
		474CDDB728C7B17700B9F842 /* UsersViewController.swift in Sources */ = {isa = PBXBuildFile; fileRef = 474CDDB628C7B17700B9F842 /* UsersViewController.swift */; };
		474CDDBD28C7B17700B9F842 /* CeibaTest.xcdatamodeld in Sources */ = {isa = PBXBuildFile; fileRef = 474CDDBB28C7B17700B9F842 /* CeibaTest.xcdatamodeld */; };
		474CDDBF28C7B17900B9F842 /* Assets.xcassets in Resources */ = {isa = PBXBuildFile; fileRef = 474CDDBE28C7B17900B9F842 /* Assets.xcassets */; };
		474CDDC228C7B17900B9F842 /* LaunchScreen.storyboard in Resources */ = {isa = PBXBuildFile; fileRef = 474CDDC028C7B17900B9F842 /* LaunchScreen.storyboard */; };
		474CDDCD28C7B17A00B9F842 /* CeibaTestTests.swift in Sources */ = {isa = PBXBuildFile; fileRef = 474CDDCC28C7B17A00B9F842 /* CeibaTestTests.swift */; };
		474CDDE928C7BD8600B9F842 /* BaseWireframe.swift in Sources */ = {isa = PBXBuildFile; fileRef = 474CDDE828C7BD8600B9F842 /* BaseWireframe.swift */; };
		474CDDEB28C7BDB300B9F842 /* InteractorInterface.swift in Sources */ = {isa = PBXBuildFile; fileRef = 474CDDEA28C7BDB300B9F842 /* InteractorInterface.swift */; };
		474CDDED28C7BDCC00B9F842 /* PresenterInterface.swift in Sources */ = {isa = PBXBuildFile; fileRef = 474CDDEC28C7BDCC00B9F842 /* PresenterInterface.swift */; };
		474CDDEF28C7BDED00B9F842 /* ViewInterface.swift in Sources */ = {isa = PBXBuildFile; fileRef = 474CDDEE28C7BDED00B9F842 /* ViewInterface.swift */; };
		4778F7EF28CA7E5B007FE7BA /* UserPostsPresenterTest.swift in Sources */ = {isa = PBXBuildFile; fileRef = 4778F7EE28CA7E5B007FE7BA /* UserPostsPresenterTest.swift */; };
		47C16A0A28CA6C0D001491E7 /* UsersPresenterTest.swift in Sources */ = {isa = PBXBuildFile; fileRef = 47C16A0928CA6C0D001491E7 /* UsersPresenterTest.swift */; };
		47F9295128C8F61E000D595A /* Constants.swift in Sources */ = {isa = PBXBuildFile; fileRef = 47F9295028C8F61E000D595A /* Constants.swift */; };
		47F9295428C8F6A5000D595A /* UsersWireframe.swift in Sources */ = {isa = PBXBuildFile; fileRef = 47F9295328C8F6A5000D595A /* UsersWireframe.swift */; };
		47F9295628C8F6F0000D595A /* UsersInterface.swift in Sources */ = {isa = PBXBuildFile; fileRef = 47F9295528C8F6F0000D595A /* UsersInterface.swift */; };
		47F9295828C8F789000D595A /* UsersPresenter.swift in Sources */ = {isa = PBXBuildFile; fileRef = 47F9295728C8F789000D595A /* UsersPresenter.swift */; };
		47F9295A28C8F7A6000D595A /* UsersInteractor.swift in Sources */ = {isa = PBXBuildFile; fileRef = 47F9295928C8F7A6000D595A /* UsersInteractor.swift */; };
		47F9295D28C8F906000D595A /* User.swift in Sources */ = {isa = PBXBuildFile; fileRef = 47F9295C28C8F906000D595A /* User.swift */; };
		47F9296128C8FE53000D595A /* APIManager.swift in Sources */ = {isa = PBXBuildFile; fileRef = 47F9296028C8FE53000D595A /* APIManager.swift */; };
		47F9296428C8FE6D000D595A /* Alamofire in Frameworks */ = {isa = PBXBuildFile; productRef = 47F9296328C8FE6D000D595A /* Alamofire */; };
		47F9296628C8FE8B000D595A /* EndPoint.swift in Sources */ = {isa = PBXBuildFile; fileRef = 47F9296528C8FE8B000D595A /* EndPoint.swift */; };
		47F9296828C90064000D595A /* UsersRepository.swift in Sources */ = {isa = PBXBuildFile; fileRef = 47F9296728C90064000D595A /* UsersRepository.swift */; };
		47F9296C28C90DD3000D595A /* UserTableViewCell.swift in Sources */ = {isa = PBXBuildFile; fileRef = 47F9296A28C90DD3000D595A /* UserTableViewCell.swift */; };
		47F9296D28C90DD3000D595A /* UserTableViewCell.xib in Resources */ = {isa = PBXBuildFile; fileRef = 47F9296B28C90DD3000D595A /* UserTableViewCell.xib */; };
		47F9297028C933F1000D595A /* UserPostsWireframe.swift in Sources */ = {isa = PBXBuildFile; fileRef = 47F9296F28C933F1000D595A /* UserPostsWireframe.swift */; };
		47F9297228C93401000D595A /* UserPostsPresenter.swift in Sources */ = {isa = PBXBuildFile; fileRef = 47F9297128C93401000D595A /* UserPostsPresenter.swift */; };
		47F9297428C9340B000D595A /* UserPostsInteractor.swift in Sources */ = {isa = PBXBuildFile; fileRef = 47F9297328C9340B000D595A /* UserPostsInteractor.swift */; };
		47F9297628C93415000D595A /* UserPostsInterfaces.swift in Sources */ = {isa = PBXBuildFile; fileRef = 47F9297528C93415000D595A /* UserPostsInterfaces.swift */; };
		47F9297828C934C9000D595A /* UserPostsRepository.swift in Sources */ = {isa = PBXBuildFile; fileRef = 47F9297728C934C9000D595A /* UserPostsRepository.swift */; };
		47F9297B28C93691000D595A /* UserPostsViewController.swift in Sources */ = {isa = PBXBuildFile; fileRef = 47F9297A28C93691000D595A /* UserPostsViewController.swift */; };
		47F9297F28C942E7000D595A /* PostTableViewCell.swift in Sources */ = {isa = PBXBuildFile; fileRef = 47F9297D28C942E7000D595A /* PostTableViewCell.swift */; };
		47F9298028C942E7000D595A /* PostTableViewCell.xib in Resources */ = {isa = PBXBuildFile; fileRef = 47F9297E28C942E7000D595A /* PostTableViewCell.xib */; };
		47F9298228C944E6000D595A /* Post.swift in Sources */ = {isa = PBXBuildFile; fileRef = 47F9298128C944E6000D595A /* Post.swift */; };
/* End PBXBuildFile section */

/* Begin PBXContainerItemProxy section */
		474CDDC928C7B17A00B9F842 /* PBXContainerItemProxy */ = {
			isa = PBXContainerItemProxy;
			containerPortal = 474CDDA728C7B17700B9F842 /* Project object */;
			proxyType = 1;
			remoteGlobalIDString = 474CDDAE28C7B17700B9F842;
			remoteInfo = CeibaTest;
		};
/* End PBXContainerItemProxy section */

/* Begin PBXFileReference section */
		470B6E5228CA4E9E00D449BC /* UIActivityIndicator.swift */ = {isa = PBXFileReference; lastKnownFileType = sourcecode.swift; path = UIActivityIndicator.swift; sourceTree = "<group>"; };
		471B7CC728C9924000476A90 /* CoreDataManager.swift */ = {isa = PBXFileReference; lastKnownFileType = sourcecode.swift; path = CoreDataManager.swift; sourceTree = "<group>"; };
		474CDDAF28C7B17700B9F842 /* CeibaTest.app */ = {isa = PBXFileReference; explicitFileType = wrapper.application; includeInIndex = 0; path = CeibaTest.app; sourceTree = BUILT_PRODUCTS_DIR; };
		474CDDB228C7B17700B9F842 /* AppDelegate.swift */ = {isa = PBXFileReference; lastKnownFileType = sourcecode.swift; path = AppDelegate.swift; sourceTree = "<group>"; };
		474CDDB428C7B17700B9F842 /* SceneDelegate.swift */ = {isa = PBXFileReference; lastKnownFileType = sourcecode.swift; path = SceneDelegate.swift; sourceTree = "<group>"; };
		474CDDB628C7B17700B9F842 /* UsersViewController.swift */ = {isa = PBXFileReference; lastKnownFileType = sourcecode.swift; path = UsersViewController.swift; sourceTree = "<group>"; };
		474CDDBC28C7B17700B9F842 /* CeibaTest.xcdatamodel */ = {isa = PBXFileReference; lastKnownFileType = wrapper.xcdatamodel; path = CeibaTest.xcdatamodel; sourceTree = "<group>"; };
		474CDDBE28C7B17900B9F842 /* Assets.xcassets */ = {isa = PBXFileReference; lastKnownFileType = folder.assetcatalog; path = Assets.xcassets; sourceTree = "<group>"; };
		474CDDC128C7B17900B9F842 /* Base */ = {isa = PBXFileReference; lastKnownFileType = file.storyboard; name = Base; path = Base.lproj/LaunchScreen.storyboard; sourceTree = "<group>"; };
		474CDDC328C7B17900B9F842 /* Info.plist */ = {isa = PBXFileReference; lastKnownFileType = text.plist.xml; path = Info.plist; sourceTree = "<group>"; };
		474CDDC828C7B17A00B9F842 /* CeibaTestTests.xctest */ = {isa = PBXFileReference; explicitFileType = wrapper.cfbundle; includeInIndex = 0; path = CeibaTestTests.xctest; sourceTree = BUILT_PRODUCTS_DIR; };
		474CDDCC28C7B17A00B9F842 /* CeibaTestTests.swift */ = {isa = PBXFileReference; lastKnownFileType = sourcecode.swift; path = CeibaTestTests.swift; sourceTree = "<group>"; };
		474CDDE828C7BD8600B9F842 /* BaseWireframe.swift */ = {isa = PBXFileReference; lastKnownFileType = sourcecode.swift; path = BaseWireframe.swift; sourceTree = "<group>"; };
		474CDDEA28C7BDB300B9F842 /* InteractorInterface.swift */ = {isa = PBXFileReference; lastKnownFileType = sourcecode.swift; path = InteractorInterface.swift; sourceTree = "<group>"; };
		474CDDEC28C7BDCC00B9F842 /* PresenterInterface.swift */ = {isa = PBXFileReference; lastKnownFileType = sourcecode.swift; path = PresenterInterface.swift; sourceTree = "<group>"; };
		474CDDEE28C7BDED00B9F842 /* ViewInterface.swift */ = {isa = PBXFileReference; lastKnownFileType = sourcecode.swift; path = ViewInterface.swift; sourceTree = "<group>"; };
		4778F7EE28CA7E5B007FE7BA /* UserPostsPresenterTest.swift */ = {isa = PBXFileReference; lastKnownFileType = sourcecode.swift; path = UserPostsPresenterTest.swift; sourceTree = "<group>"; };
		47C16A0928CA6C0D001491E7 /* UsersPresenterTest.swift */ = {isa = PBXFileReference; lastKnownFileType = sourcecode.swift; path = UsersPresenterTest.swift; sourceTree = "<group>"; };
		47F9295028C8F61E000D595A /* Constants.swift */ = {isa = PBXFileReference; lastKnownFileType = sourcecode.swift; path = Constants.swift; sourceTree = "<group>"; };
		47F9295328C8F6A5000D595A /* UsersWireframe.swift */ = {isa = PBXFileReference; lastKnownFileType = sourcecode.swift; path = UsersWireframe.swift; sourceTree = "<group>"; };
		47F9295528C8F6F0000D595A /* UsersInterface.swift */ = {isa = PBXFileReference; lastKnownFileType = sourcecode.swift; path = UsersInterface.swift; sourceTree = "<group>"; };
		47F9295728C8F789000D595A /* UsersPresenter.swift */ = {isa = PBXFileReference; lastKnownFileType = sourcecode.swift; path = UsersPresenter.swift; sourceTree = "<group>"; };
		47F9295928C8F7A6000D595A /* UsersInteractor.swift */ = {isa = PBXFileReference; lastKnownFileType = sourcecode.swift; path = UsersInteractor.swift; sourceTree = "<group>"; };
		47F9295C28C8F906000D595A /* User.swift */ = {isa = PBXFileReference; lastKnownFileType = sourcecode.swift; path = User.swift; sourceTree = "<group>"; };
		47F9296028C8FE53000D595A /* APIManager.swift */ = {isa = PBXFileReference; lastKnownFileType = sourcecode.swift; path = APIManager.swift; sourceTree = "<group>"; };
		47F9296528C8FE8B000D595A /* EndPoint.swift */ = {isa = PBXFileReference; lastKnownFileType = sourcecode.swift; path = EndPoint.swift; sourceTree = "<group>"; };
		47F9296728C90064000D595A /* UsersRepository.swift */ = {isa = PBXFileReference; lastKnownFileType = sourcecode.swift; path = UsersRepository.swift; sourceTree = "<group>"; };
		47F9296A28C90DD3000D595A /* UserTableViewCell.swift */ = {isa = PBXFileReference; lastKnownFileType = sourcecode.swift; path = UserTableViewCell.swift; sourceTree = "<group>"; };
		47F9296B28C90DD3000D595A /* UserTableViewCell.xib */ = {isa = PBXFileReference; lastKnownFileType = file.xib; path = UserTableViewCell.xib; sourceTree = "<group>"; };
		47F9296F28C933F1000D595A /* UserPostsWireframe.swift */ = {isa = PBXFileReference; lastKnownFileType = sourcecode.swift; path = UserPostsWireframe.swift; sourceTree = "<group>"; };
		47F9297128C93401000D595A /* UserPostsPresenter.swift */ = {isa = PBXFileReference; lastKnownFileType = sourcecode.swift; path = UserPostsPresenter.swift; sourceTree = "<group>"; };
		47F9297328C9340B000D595A /* UserPostsInteractor.swift */ = {isa = PBXFileReference; lastKnownFileType = sourcecode.swift; path = UserPostsInteractor.swift; sourceTree = "<group>"; };
		47F9297528C93415000D595A /* UserPostsInterfaces.swift */ = {isa = PBXFileReference; lastKnownFileType = sourcecode.swift; path = UserPostsInterfaces.swift; sourceTree = "<group>"; };
		47F9297728C934C9000D595A /* UserPostsRepository.swift */ = {isa = PBXFileReference; lastKnownFileType = sourcecode.swift; path = UserPostsRepository.swift; sourceTree = "<group>"; };
		47F9297A28C93691000D595A /* UserPostsViewController.swift */ = {isa = PBXFileReference; lastKnownFileType = sourcecode.swift; path = UserPostsViewController.swift; sourceTree = "<group>"; };
		47F9297D28C942E7000D595A /* PostTableViewCell.swift */ = {isa = PBXFileReference; lastKnownFileType = sourcecode.swift; path = PostTableViewCell.swift; sourceTree = "<group>"; };
		47F9297E28C942E7000D595A /* PostTableViewCell.xib */ = {isa = PBXFileReference; lastKnownFileType = file.xib; path = PostTableViewCell.xib; sourceTree = "<group>"; };
		47F9298128C944E6000D595A /* Post.swift */ = {isa = PBXFileReference; lastKnownFileType = sourcecode.swift; path = Post.swift; sourceTree = "<group>"; };
/* End PBXFileReference section */

/* Begin PBXFrameworksBuildPhase section */
		474CDDAC28C7B17700B9F842 /* Frameworks */ = {
			isa = PBXFrameworksBuildPhase;
			buildActionMask = 2147483647;
			files = (
				47F9296428C8FE6D000D595A /* Alamofire in Frameworks */,
			);
			runOnlyForDeploymentPostprocessing = 0;
		};
		474CDDC528C7B17A00B9F842 /* Frameworks */ = {
			isa = PBXFrameworksBuildPhase;
			buildActionMask = 2147483647;
			files = (
			);
			runOnlyForDeploymentPostprocessing = 0;
		};
/* End PBXFrameworksBuildPhase section */

/* Begin PBXGroup section */
		471B7CC628C9922700476A90 /* DataManager */ = {
			isa = PBXGroup;
			children = (
				471B7CC728C9924000476A90 /* CoreDataManager.swift */,
			);
			path = DataManager;
			sourceTree = "<group>";
		};
		474CDDA628C7B17700B9F842 = {
			isa = PBXGroup;
			children = (
				474CDDB128C7B17700B9F842 /* CeibaTest */,
				474CDDCB28C7B17A00B9F842 /* CeibaTestTests */,
				474CDDB028C7B17700B9F842 /* Products */,
			);
			sourceTree = "<group>";
		};
		474CDDB028C7B17700B9F842 /* Products */ = {
			isa = PBXGroup;
			children = (
				474CDDAF28C7B17700B9F842 /* CeibaTest.app */,
				474CDDC828C7B17A00B9F842 /* CeibaTestTests.xctest */,
			);
			name = Products;
			sourceTree = "<group>";
		};
		474CDDB128C7B17700B9F842 /* CeibaTest */ = {
			isa = PBXGroup;
			children = (
				474CDDB228C7B17700B9F842 /* AppDelegate.swift */,
				474CDDB428C7B17700B9F842 /* SceneDelegate.swift */,
				474CDDBE28C7B17900B9F842 /* Assets.xcassets */,
				474CDDC028C7B17900B9F842 /* LaunchScreen.storyboard */,
				474CDDC328C7B17900B9F842 /* Info.plist */,
				474CDDBB28C7B17700B9F842 /* CeibaTest.xcdatamodeld */,
				474CDDE628C7BCE800B9F842 /* Common */,
				474CDDE528C7BCCD00B9F842 /* Modules */,
			);
			path = CeibaTest;
			sourceTree = "<group>";
		};
		474CDDCB28C7B17A00B9F842 /* CeibaTestTests */ = {
			isa = PBXGroup;
			children = (
				474CDDCC28C7B17A00B9F842 /* CeibaTestTests.swift */,
				47C16A0928CA6C0D001491E7 /* UsersPresenterTest.swift */,
				4778F7EE28CA7E5B007FE7BA /* UserPostsPresenterTest.swift */,
			);
			path = CeibaTestTests;
			sourceTree = "<group>";
		};
		474CDDE528C7BCCD00B9F842 /* Modules */ = {
			isa = PBXGroup;
			children = (
				47F9296E28C9338A000D595A /* UserPosts */,
				47F9295228C8F680000D595A /* Users */,
			);
			path = Modules;
			sourceTree = "<group>";
		};
		474CDDE628C7BCE800B9F842 /* Common */ = {
			isa = PBXGroup;
			children = (
				474CDDE728C7BCFE00B9F842 /* Base */,
				471B7CC628C9922700476A90 /* DataManager */,
				47F9295B28C8F8F7000D595A /* Models */,
				47F9295F28C8FE40000D595A /* Network */,
				47F9294F28C8F60A000D595A /* Utils */,
			);
			path = Common;
			sourceTree = "<group>";
		};
		474CDDE728C7BCFE00B9F842 /* Base */ = {
			isa = PBXGroup;
			children = (
				474CDDE828C7BD8600B9F842 /* BaseWireframe.swift */,
				474CDDEA28C7BDB300B9F842 /* InteractorInterface.swift */,
				474CDDEC28C7BDCC00B9F842 /* PresenterInterface.swift */,
				474CDDEE28C7BDED00B9F842 /* ViewInterface.swift */,
			);
			path = Base;
			sourceTree = "<group>";
		};
		47F9294F28C8F60A000D595A /* Utils */ = {
			isa = PBXGroup;
			children = (
				47F9295028C8F61E000D595A /* Constants.swift */,
				470B6E5228CA4E9E00D449BC /* UIActivityIndicator.swift */,
			);
			path = Utils;
			sourceTree = "<group>";
		};
		47F9295228C8F680000D595A /* Users */ = {
			isa = PBXGroup;
			children = (
				47F9295928C8F7A6000D595A /* UsersInteractor.swift */,
				47F9295528C8F6F0000D595A /* UsersInterface.swift */,
				47F9295728C8F789000D595A /* UsersPresenter.swift */,
				47F9296728C90064000D595A /* UsersRepository.swift */,
				47F9295328C8F6A5000D595A /* UsersWireframe.swift */,
				47F9295E28C8FCF5000D595A /* View */,
			);
			path = Users;
			sourceTree = "<group>";
		};
		47F9295B28C8F8F7000D595A /* Models */ = {
			isa = PBXGroup;
			children = (
				47F9295C28C8F906000D595A /* User.swift */,
				47F9298128C944E6000D595A /* Post.swift */,
			);
			path = Models;
			sourceTree = "<group>";
		};
		47F9295E28C8FCF5000D595A /* View */ = {
			isa = PBXGroup;
			children = (
				47F9296928C90D6D000D595A /* Cells */,
				474CDDB628C7B17700B9F842 /* UsersViewController.swift */,
			);
			path = View;
			sourceTree = "<group>";
		};
		47F9295F28C8FE40000D595A /* Network */ = {
			isa = PBXGroup;
			children = (
				47F9296028C8FE53000D595A /* APIManager.swift */,
				47F9296528C8FE8B000D595A /* EndPoint.swift */,
			);
			path = Network;
			sourceTree = "<group>";
		};
		47F9296928C90D6D000D595A /* Cells */ = {
			isa = PBXGroup;
			children = (
				47F9296A28C90DD3000D595A /* UserTableViewCell.swift */,
				47F9296B28C90DD3000D595A /* UserTableViewCell.xib */,
			);
			path = Cells;
			sourceTree = "<group>";
		};
		47F9296E28C9338A000D595A /* UserPosts */ = {
			isa = PBXGroup;
			children = (
				47F9297328C9340B000D595A /* UserPostsInteractor.swift */,
				47F9297528C93415000D595A /* UserPostsInterfaces.swift */,
				47F9297128C93401000D595A /* UserPostsPresenter.swift */,
				47F9297728C934C9000D595A /* UserPostsRepository.swift */,
				47F9296F28C933F1000D595A /* UserPostsWireframe.swift */,
				47F9297928C9365F000D595A /* View */,
			);
			path = UserPosts;
			sourceTree = "<group>";
		};
		47F9297928C9365F000D595A /* View */ = {
			isa = PBXGroup;
			children = (
				47F9297C28C942C5000D595A /* Cells */,
				47F9297A28C93691000D595A /* UserPostsViewController.swift */,
			);
			path = View;
			sourceTree = "<group>";
		};
		47F9297C28C942C5000D595A /* Cells */ = {
			isa = PBXGroup;
			children = (
				47F9297D28C942E7000D595A /* PostTableViewCell.swift */,
				47F9297E28C942E7000D595A /* PostTableViewCell.xib */,
			);
			path = Cells;
			sourceTree = "<group>";
		};
/* End PBXGroup section */

/* Begin PBXNativeTarget section */
		474CDDAE28C7B17700B9F842 /* CeibaTest */ = {
			isa = PBXNativeTarget;
			buildConfigurationList = 474CDDDC28C7B17A00B9F842 /* Build configuration list for PBXNativeTarget "CeibaTest" */;
			buildPhases = (
				474CDDAB28C7B17700B9F842 /* Sources */,
				474CDDAC28C7B17700B9F842 /* Frameworks */,
				474CDDAD28C7B17700B9F842 /* Resources */,
			);
			buildRules = (
			);
			dependencies = (
			);
			name = CeibaTest;
			packageProductDependencies = (
				47F9296328C8FE6D000D595A /* Alamofire */,
			);
			productName = CeibaTest;
			productReference = 474CDDAF28C7B17700B9F842 /* CeibaTest.app */;
			productType = "com.apple.product-type.application";
		};
		474CDDC728C7B17A00B9F842 /* CeibaTestTests */ = {
			isa = PBXNativeTarget;
			buildConfigurationList = 474CDDDF28C7B17A00B9F842 /* Build configuration list for PBXNativeTarget "CeibaTestTests" */;
			buildPhases = (
				474CDDC428C7B17A00B9F842 /* Sources */,
				474CDDC528C7B17A00B9F842 /* Frameworks */,
				474CDDC628C7B17A00B9F842 /* Resources */,
			);
			buildRules = (
			);
			dependencies = (
				474CDDCA28C7B17A00B9F842 /* PBXTargetDependency */,
			);
			name = CeibaTestTests;
			productName = CeibaTestTests;
			productReference = 474CDDC828C7B17A00B9F842 /* CeibaTestTests.xctest */;
			productType = "com.apple.product-type.bundle.unit-test";
		};
/* End PBXNativeTarget section */

/* Begin PBXProject section */
		474CDDA728C7B17700B9F842 /* Project object */ = {
			isa = PBXProject;
			attributes = {
				BuildIndependentTargetsInParallel = 1;
				LastSwiftUpdateCheck = 1340;
				LastUpgradeCheck = 1340;
				TargetAttributes = {
					474CDDAE28C7B17700B9F842 = {
						CreatedOnToolsVersion = 13.4.1;
					};
					474CDDC728C7B17A00B9F842 = {
						CreatedOnToolsVersion = 13.4.1;
						TestTargetID = 474CDDAE28C7B17700B9F842;
					};
				};
			};
			buildConfigurationList = 474CDDAA28C7B17700B9F842 /* Build configuration list for PBXProject "CeibaTest" */;
			compatibilityVersion = "Xcode 13.0";
			developmentRegion = en;
			hasScannedForEncodings = 0;
			knownRegions = (
				en,
				Base,
			);
			mainGroup = 474CDDA628C7B17700B9F842;
			packageReferences = (
				47F9296228C8FE6D000D595A /* XCRemoteSwiftPackageReference "Alamofire" */,
			);
			productRefGroup = 474CDDB028C7B17700B9F842 /* Products */;
			projectDirPath = "";
			projectRoot = "";
			targets = (
				474CDDAE28C7B17700B9F842 /* CeibaTest */,
				474CDDC728C7B17A00B9F842 /* CeibaTestTests */,
			);
		};
/* End PBXProject section */

/* Begin PBXResourcesBuildPhase section */
		474CDDAD28C7B17700B9F842 /* Resources */ = {
			isa = PBXResourcesBuildPhase;
			buildActionMask = 2147483647;
			files = (
				474CDDC228C7B17900B9F842 /* LaunchScreen.storyboard in Resources */,
				47F9296D28C90DD3000D595A /* UserTableViewCell.xib in Resources */,
				474CDDBF28C7B17900B9F842 /* Assets.xcassets in Resources */,
				47F9298028C942E7000D595A /* PostTableViewCell.xib in Resources */,
			);
			runOnlyForDeploymentPostprocessing = 0;
		};
		474CDDC628C7B17A00B9F842 /* Resources */ = {
			isa = PBXResourcesBuildPhase;
			buildActionMask = 2147483647;
			files = (
			);
			runOnlyForDeploymentPostprocessing = 0;
		};
/* End PBXResourcesBuildPhase section */

/* Begin PBXSourcesBuildPhase section */
		474CDDAB28C7B17700B9F842 /* Sources */ = {
			isa = PBXSourcesBuildPhase;
			buildActionMask = 2147483647;
			files = (
				474CDDEB28C7BDB300B9F842 /* InteractorInterface.swift in Sources */,
				474CDDB728C7B17700B9F842 /* UsersViewController.swift in Sources */,
				474CDDEF28C7BDED00B9F842 /* ViewInterface.swift in Sources */,
				474CDDE928C7BD8600B9F842 /* BaseWireframe.swift in Sources */,
				470B6E5328CA4E9E00D449BC /* UIActivityIndicator.swift in Sources */,
				47F9295A28C8F7A6000D595A /* UsersInteractor.swift in Sources */,
				47F9296828C90064000D595A /* UsersRepository.swift in Sources */,
				471B7CC828C9924000476A90 /* CoreDataManager.swift in Sources */,
				47F9297628C93415000D595A /* UserPostsInterfaces.swift in Sources */,
				474CDDB328C7B17700B9F842 /* AppDelegate.swift in Sources */,
				47F9297228C93401000D595A /* UserPostsPresenter.swift in Sources */,
				47F9295D28C8F906000D595A /* User.swift in Sources */,
				47F9295828C8F789000D595A /* UsersPresenter.swift in Sources */,
				474CDDBD28C7B17700B9F842 /* CeibaTest.xcdatamodeld in Sources */,
				47F9296C28C90DD3000D595A /* UserTableViewCell.swift in Sources */,
				47F9297828C934C9000D595A /* UserPostsRepository.swift in Sources */,
				47F9297428C9340B000D595A /* UserPostsInteractor.swift in Sources */,
				474CDDB528C7B17700B9F842 /* SceneDelegate.swift in Sources */,
				47F9296628C8FE8B000D595A /* EndPoint.swift in Sources */,
				47F9298228C944E6000D595A /* Post.swift in Sources */,
				47F9297F28C942E7000D595A /* PostTableViewCell.swift in Sources */,
				474CDDED28C7BDCC00B9F842 /* PresenterInterface.swift in Sources */,
				47F9297028C933F1000D595A /* UserPostsWireframe.swift in Sources */,
				47F9295128C8F61E000D595A /* Constants.swift in Sources */,
				47F9296128C8FE53000D595A /* APIManager.swift in Sources */,
				47F9295628C8F6F0000D595A /* UsersInterface.swift in Sources */,
				47F9295428C8F6A5000D595A /* UsersWireframe.swift in Sources */,
				47F9297B28C93691000D595A /* UserPostsViewController.swift in Sources */,
			);
			runOnlyForDeploymentPostprocessing = 0;
		};
		474CDDC428C7B17A00B9F842 /* Sources */ = {
			isa = PBXSourcesBuildPhase;
			buildActionMask = 2147483647;
			files = (
				474CDDCD28C7B17A00B9F842 /* CeibaTestTests.swift in Sources */,
				4778F7EF28CA7E5B007FE7BA /* UserPostsPresenterTest.swift in Sources */,
				47C16A0A28CA6C0D001491E7 /* UsersPresenterTest.swift in Sources */,
			);
			runOnlyForDeploymentPostprocessing = 0;
		};
/* End PBXSourcesBuildPhase section */

/* Begin PBXTargetDependency section */
		474CDDCA28C7B17A00B9F842 /* PBXTargetDependency */ = {
			isa = PBXTargetDependency;
			target = 474CDDAE28C7B17700B9F842 /* CeibaTest */;
			targetProxy = 474CDDC928C7B17A00B9F842 /* PBXContainerItemProxy */;
		};
/* End PBXTargetDependency section */

/* Begin PBXVariantGroup section */
		474CDDC028C7B17900B9F842 /* LaunchScreen.storyboard */ = {
			isa = PBXVariantGroup;
			children = (
				474CDDC128C7B17900B9F842 /* Base */,
			);
			name = LaunchScreen.storyboard;
			sourceTree = "<group>";
		};
/* End PBXVariantGroup section */

/* Begin XCBuildConfiguration section */
		474CDDDA28C7B17A00B9F842 /* Debug */ = {
			isa = XCBuildConfiguration;
			buildSettings = {
				ALWAYS_SEARCH_USER_PATHS = NO;
				CLANG_ANALYZER_NONNULL = YES;
				CLANG_ANALYZER_NUMBER_OBJECT_CONVERSION = YES_AGGRESSIVE;
				CLANG_CXX_LANGUAGE_STANDARD = "gnu++17";
				CLANG_ENABLE_MODULES = YES;
				CLANG_ENABLE_OBJC_ARC = YES;
				CLANG_ENABLE_OBJC_WEAK = YES;
				CLANG_WARN_BLOCK_CAPTURE_AUTORELEASING = YES;
				CLANG_WARN_BOOL_CONVERSION = YES;
				CLANG_WARN_COMMA = YES;
				CLANG_WARN_CONSTANT_CONVERSION = YES;
				CLANG_WARN_DEPRECATED_OBJC_IMPLEMENTATIONS = YES;
				CLANG_WARN_DIRECT_OBJC_ISA_USAGE = YES_ERROR;
				CLANG_WARN_DOCUMENTATION_COMMENTS = YES;
				CLANG_WARN_EMPTY_BODY = YES;
				CLANG_WARN_ENUM_CONVERSION = YES;
				CLANG_WARN_INFINITE_RECURSION = YES;
				CLANG_WARN_INT_CONVERSION = YES;
				CLANG_WARN_NON_LITERAL_NULL_CONVERSION = YES;
				CLANG_WARN_OBJC_IMPLICIT_RETAIN_SELF = YES;
				CLANG_WARN_OBJC_LITERAL_CONVERSION = YES;
				CLANG_WARN_OBJC_ROOT_CLASS = YES_ERROR;
				CLANG_WARN_QUOTED_INCLUDE_IN_FRAMEWORK_HEADER = YES;
				CLANG_WARN_RANGE_LOOP_ANALYSIS = YES;
				CLANG_WARN_STRICT_PROTOTYPES = YES;
				CLANG_WARN_SUSPICIOUS_MOVE = YES;
				CLANG_WARN_UNGUARDED_AVAILABILITY = YES_AGGRESSIVE;
				CLANG_WARN_UNREACHABLE_CODE = YES;
				CLANG_WARN__DUPLICATE_METHOD_MATCH = YES;
				COPY_PHASE_STRIP = NO;
				DEBUG_INFORMATION_FORMAT = dwarf;
				ENABLE_STRICT_OBJC_MSGSEND = YES;
				ENABLE_TESTABILITY = YES;
				GCC_C_LANGUAGE_STANDARD = gnu11;
				GCC_DYNAMIC_NO_PIC = NO;
				GCC_NO_COMMON_BLOCKS = YES;
				GCC_OPTIMIZATION_LEVEL = 0;
				GCC_PREPROCESSOR_DEFINITIONS = (
					"DEBUG=1",
					"$(inherited)",
				);
				GCC_WARN_64_TO_32_BIT_CONVERSION = YES;
				GCC_WARN_ABOUT_RETURN_TYPE = YES_ERROR;
				GCC_WARN_UNDECLARED_SELECTOR = YES;
				GCC_WARN_UNINITIALIZED_AUTOS = YES_AGGRESSIVE;
				GCC_WARN_UNUSED_FUNCTION = YES;
				GCC_WARN_UNUSED_VARIABLE = YES;
				IPHONEOS_DEPLOYMENT_TARGET = 15.5;
				MTL_ENABLE_DEBUG_INFO = INCLUDE_SOURCE;
				MTL_FAST_MATH = YES;
				ONLY_ACTIVE_ARCH = YES;
				SDKROOT = iphoneos;
				SWIFT_ACTIVE_COMPILATION_CONDITIONS = DEBUG;
				SWIFT_OPTIMIZATION_LEVEL = "-Onone";
			};
			name = Debug;
		};
		474CDDDB28C7B17A00B9F842 /* Release */ = {
			isa = XCBuildConfiguration;
			buildSettings = {
				ALWAYS_SEARCH_USER_PATHS = NO;
				CLANG_ANALYZER_NONNULL = YES;
				CLANG_ANALYZER_NUMBER_OBJECT_CONVERSION = YES_AGGRESSIVE;
				CLANG_CXX_LANGUAGE_STANDARD = "gnu++17";
				CLANG_ENABLE_MODULES = YES;
				CLANG_ENABLE_OBJC_ARC = YES;
				CLANG_ENABLE_OBJC_WEAK = YES;
				CLANG_WARN_BLOCK_CAPTURE_AUTORELEASING = YES;
				CLANG_WARN_BOOL_CONVERSION = YES;
				CLANG_WARN_COMMA = YES;
				CLANG_WARN_CONSTANT_CONVERSION = YES;
				CLANG_WARN_DEPRECATED_OBJC_IMPLEMENTATIONS = YES;
				CLANG_WARN_DIRECT_OBJC_ISA_USAGE = YES_ERROR;
				CLANG_WARN_DOCUMENTATION_COMMENTS = YES;
				CLANG_WARN_EMPTY_BODY = YES;
				CLANG_WARN_ENUM_CONVERSION = YES;
				CLANG_WARN_INFINITE_RECURSION = YES;
				CLANG_WARN_INT_CONVERSION = YES;
				CLANG_WARN_NON_LITERAL_NULL_CONVERSION = YES;
				CLANG_WARN_OBJC_IMPLICIT_RETAIN_SELF = YES;
				CLANG_WARN_OBJC_LITERAL_CONVERSION = YES;
				CLANG_WARN_OBJC_ROOT_CLASS = YES_ERROR;
				CLANG_WARN_QUOTED_INCLUDE_IN_FRAMEWORK_HEADER = YES;
				CLANG_WARN_RANGE_LOOP_ANALYSIS = YES;
				CLANG_WARN_STRICT_PROTOTYPES = YES;
				CLANG_WARN_SUSPICIOUS_MOVE = YES;
				CLANG_WARN_UNGUARDED_AVAILABILITY = YES_AGGRESSIVE;
				CLANG_WARN_UNREACHABLE_CODE = YES;
				CLANG_WARN__DUPLICATE_METHOD_MATCH = YES;
				COPY_PHASE_STRIP = NO;
				DEBUG_INFORMATION_FORMAT = "dwarf-with-dsym";
				ENABLE_NS_ASSERTIONS = NO;
				ENABLE_STRICT_OBJC_MSGSEND = YES;
				GCC_C_LANGUAGE_STANDARD = gnu11;
				GCC_NO_COMMON_BLOCKS = YES;
				GCC_WARN_64_TO_32_BIT_CONVERSION = YES;
				GCC_WARN_ABOUT_RETURN_TYPE = YES_ERROR;
				GCC_WARN_UNDECLARED_SELECTOR = YES;
				GCC_WARN_UNINITIALIZED_AUTOS = YES_AGGRESSIVE;
				GCC_WARN_UNUSED_FUNCTION = YES;
				GCC_WARN_UNUSED_VARIABLE = YES;
				IPHONEOS_DEPLOYMENT_TARGET = 15.5;
				MTL_ENABLE_DEBUG_INFO = NO;
				MTL_FAST_MATH = YES;
				SDKROOT = iphoneos;
				SWIFT_COMPILATION_MODE = wholemodule;
				SWIFT_OPTIMIZATION_LEVEL = "-O";
				VALIDATE_PRODUCT = YES;
			};
			name = Release;
		};
		474CDDDD28C7B17A00B9F842 /* Debug */ = {
			isa = XCBuildConfiguration;
			buildSettings = {
				ASSETCATALOG_COMPILER_APPICON_NAME = AppIcon;
				ASSETCATALOG_COMPILER_GLOBAL_ACCENT_COLOR_NAME = AccentColor;
				CODE_SIGN_STYLE = Automatic;
				CURRENT_PROJECT_VERSION = 1;
				DEVELOPMENT_TEAM = 78AHQ4893X;
				GENERATE_INFOPLIST_FILE = YES;
				INFOPLIST_FILE = CeibaTest/Info.plist;
				INFOPLIST_KEY_UIApplicationSupportsIndirectInputEvents = YES;
				INFOPLIST_KEY_UILaunchStoryboardName = LaunchScreen;
				INFOPLIST_KEY_UISupportedInterfaceOrientations = UIInterfaceOrientationPortrait;
				INFOPLIST_KEY_UISupportedInterfaceOrientations_iPad = "UIInterfaceOrientationPortrait UIInterfaceOrientationPortraitUpsideDown UIInterfaceOrientationLandscapeLeft UIInterfaceOrientationLandscapeRight";
				INFOPLIST_KEY_UISupportedInterfaceOrientations_iPhone = "UIInterfaceOrientationPortrait UIInterfaceOrientationLandscapeLeft UIInterfaceOrientationLandscapeRight";
				IPHONEOS_DEPLOYMENT_TARGET = 13.6;
				LD_RUNPATH_SEARCH_PATHS = (
					"$(inherited)",
					"@executable_path/Frameworks",
				);
				MARKETING_VERSION = 1.0;
				PRODUCT_BUNDLE_IDENTIFIER = com.jmonsalve.CeibaTest;
				PRODUCT_NAME = "$(TARGET_NAME)";
				SWIFT_EMIT_LOC_STRINGS = YES;
				SWIFT_VERSION = 5.0;
				TARGETED_DEVICE_FAMILY = 1;
			};
			name = Debug;
		};
		474CDDDE28C7B17A00B9F842 /* Release */ = {
			isa = XCBuildConfiguration;
			buildSettings = {
				ASSETCATALOG_COMPILER_APPICON_NAME = AppIcon;
				ASSETCATALOG_COMPILER_GLOBAL_ACCENT_COLOR_NAME = AccentColor;
				CODE_SIGN_STYLE = Automatic;
				CURRENT_PROJECT_VERSION = 1;
				DEVELOPMENT_TEAM = 78AHQ4893X;
				GENERATE_INFOPLIST_FILE = YES;
				INFOPLIST_FILE = CeibaTest/Info.plist;
				INFOPLIST_KEY_UIApplicationSupportsIndirectInputEvents = YES;
				INFOPLIST_KEY_UILaunchStoryboardName = LaunchScreen;
				INFOPLIST_KEY_UISupportedInterfaceOrientations = UIInterfaceOrientationPortrait;
				INFOPLIST_KEY_UISupportedInterfaceOrientations_iPad = "UIInterfaceOrientationPortrait UIInterfaceOrientationPortraitUpsideDown UIInterfaceOrientationLandscapeLeft UIInterfaceOrientationLandscapeRight";
				INFOPLIST_KEY_UISupportedInterfaceOrientations_iPhone = "UIInterfaceOrientationPortrait UIInterfaceOrientationLandscapeLeft UIInterfaceOrientationLandscapeRight";
				IPHONEOS_DEPLOYMENT_TARGET = 13.6;
				LD_RUNPATH_SEARCH_PATHS = (
					"$(inherited)",
					"@executable_path/Frameworks",
				);
				MARKETING_VERSION = 1.0;
				PRODUCT_BUNDLE_IDENTIFIER = com.jmonsalve.CeibaTest;
				PRODUCT_NAME = "$(TARGET_NAME)";
				SWIFT_EMIT_LOC_STRINGS = YES;
				SWIFT_VERSION = 5.0;
				TARGETED_DEVICE_FAMILY = 1;
			};
			name = Release;
		};
		474CDDE028C7B17A00B9F842 /* Debug */ = {
			isa = XCBuildConfiguration;
			buildSettings = {
				ALWAYS_EMBED_SWIFT_STANDARD_LIBRARIES = YES;
				BUNDLE_LOADER = "$(TEST_HOST)";
				CODE_SIGN_STYLE = Automatic;
				CURRENT_PROJECT_VERSION = 1;
				DEVELOPMENT_TEAM = 78AHQ4893X;
				GENERATE_INFOPLIST_FILE = YES;
				IPHONEOS_DEPLOYMENT_TARGET = 15.5;
				MARKETING_VERSION = 1.0;
				PRODUCT_BUNDLE_IDENTIFIER = com.jmonsalve.CeibaTestTests;
				PRODUCT_NAME = "$(TARGET_NAME)";
				SWIFT_EMIT_LOC_STRINGS = NO;
				SWIFT_VERSION = 5.0;
				TARGETED_DEVICE_FAMILY = "1,2";
				TEST_HOST = "$(BUILT_PRODUCTS_DIR)/CeibaTest.app/CeibaTest";
			};
			name = Debug;
		};
		474CDDE128C7B17A00B9F842 /* Release */ = {
			isa = XCBuildConfiguration;
			buildSettings = {
				ALWAYS_EMBED_SWIFT_STANDARD_LIBRARIES = YES;
				BUNDLE_LOADER = "$(TEST_HOST)";
				CODE_SIGN_STYLE = Automatic;
				CURRENT_PROJECT_VERSION = 1;
				DEVELOPMENT_TEAM = 78AHQ4893X;
				GENERATE_INFOPLIST_FILE = YES;
				IPHONEOS_DEPLOYMENT_TARGET = 15.5;
				MARKETING_VERSION = 1.0;
				PRODUCT_BUNDLE_IDENTIFIER = com.jmonsalve.CeibaTestTests;
				PRODUCT_NAME = "$(TARGET_NAME)";
				SWIFT_EMIT_LOC_STRINGS = NO;
				SWIFT_VERSION = 5.0;
				TARGETED_DEVICE_FAMILY = "1,2";
				TEST_HOST = "$(BUILT_PRODUCTS_DIR)/CeibaTest.app/CeibaTest";
			};
			name = Release;
		};
/* End XCBuildConfiguration section */

/* Begin XCConfigurationList section */
		474CDDAA28C7B17700B9F842 /* Build configuration list for PBXProject "CeibaTest" */ = {
			isa = XCConfigurationList;
			buildConfigurations = (
				474CDDDA28C7B17A00B9F842 /* Debug */,
				474CDDDB28C7B17A00B9F842 /* Release */,
			);
			defaultConfigurationIsVisible = 0;
			defaultConfigurationName = Release;
		};
		474CDDDC28C7B17A00B9F842 /* Build configuration list for PBXNativeTarget "CeibaTest" */ = {
			isa = XCConfigurationList;
			buildConfigurations = (
				474CDDDD28C7B17A00B9F842 /* Debug */,
				474CDDDE28C7B17A00B9F842 /* Release */,
			);
			defaultConfigurationIsVisible = 0;
			defaultConfigurationName = Release;
		};
		474CDDDF28C7B17A00B9F842 /* Build configuration list for PBXNativeTarget "CeibaTestTests" */ = {
			isa = XCConfigurationList;
			buildConfigurations = (
				474CDDE028C7B17A00B9F842 /* Debug */,
				474CDDE128C7B17A00B9F842 /* Release */,
			);
			defaultConfigurationIsVisible = 0;
			defaultConfigurationName = Release;
		};
/* End XCConfigurationList section */

/* Begin XCRemoteSwiftPackageReference section */
		47F9296228C8FE6D000D595A /* XCRemoteSwiftPackageReference "Alamofire" */ = {
			isa = XCRemoteSwiftPackageReference;
			repositoryURL = "https://github.com/Alamofire/Alamofire#installation";
			requirement = {
				branch = master;
				kind = branch;
			};
		};
/* End XCRemoteSwiftPackageReference section */

/* Begin XCSwiftPackageProductDependency section */
		47F9296328C8FE6D000D595A /* Alamofire */ = {
			isa = XCSwiftPackageProductDependency;
			package = 47F9296228C8FE6D000D595A /* XCRemoteSwiftPackageReference "Alamofire" */;
			productName = Alamofire;
		};
/* End XCSwiftPackageProductDependency section */

/* Begin XCVersionGroup section */
		474CDDBB28C7B17700B9F842 /* CeibaTest.xcdatamodeld */ = {
			isa = XCVersionGroup;
			children = (
				474CDDBC28C7B17700B9F842 /* CeibaTest.xcdatamodel */,
			);
			currentVersion = 474CDDBC28C7B17700B9F842 /* CeibaTest.xcdatamodel */;
			path = CeibaTest.xcdatamodeld;
			sourceTree = "<group>";
			versionGroupType = wrapper.xcdatamodel;
		};
/* End XCVersionGroup section */
	};
	rootObject = 474CDDA728C7B17700B9F842 /* Project object */;
}
